
Microsoft Visual Studio Solution File, Format Version 12.00
# Visual Studio Version 17
VisualStudioVersion = 17.13.35931.197
MinimumVisualStudioVersion = 10.0.40219.1
Project("{8BC9CEB8-8B4A-11D0-8D11-00A0C91BC942}") = "PG3", "PG3.vcxproj", "{074DE23A-6612-4D10-A033-B8986D5C8091}"
EndProject
Project("{2150E333-8FDC-42A3-9474-1A3956D46DE8}") = "ソリューション項目", "ソリューション項目", "{2022CB0F-8BAF-F49E-0C48-8EF4C96EC109}"
	ProjectSection(SolutionItems) = preProject
		.editorconfig = .editorconfig
	EndProjectSection
EndProject
Project("{8BC9CEB8-8B4A-11D0-8D11-00A0C91BC942}") = "00-01", "00-01\00-01.vcxproj", "{6869A087-6AEE-490B-889C-FE00675F923F}"
EndProject
Project("{8BC9CEB8-8B4A-11D0-8D11-00A0C91BC942}") = "03-04", "03-04\03-04.vcxproj", "{96FFA854-15B1-4D0F-AEC6-6D51F1097E7E}"
EndProject
Project("{8BC9CEB8-8B4A-11D0-8D11-00A0C91BC942}") = "01-01", "01-01\01-01.vcxproj", "{CFC54BAE-010F-495B-855B-F13D90906DCF}"
EndProject
Project("{8BC9CEB8-8B4A-11D0-8D11-00A0C91BC942}") = "01-02", "01-02\01-02.vcxproj", "{54175C65-AE81-4553-995F-D3276A0FCF6A}"
EndProject
Project("{8BC9CEB8-8B4A-11D0-8D11-00A0C91BC942}") = "02-01", "02-01\02-01.vcxproj", "{FF137C36-674D-46E4-8B59-3D7AF3D87FD7}"
EndProject
Project("{8BC9CEB8-8B4A-11D0-8D11-00A0C91BC942}") = "02-02", "02-02\02-02.vcxproj", "{EFC9AD36-13F9-4042-B8A4-DB4F49F6A120}"
EndProject
Project("{8BC9CEB8-8B4A-11D0-8D11-00A0C91BC942}") = "02-03", "02-03\02-03.vcxproj", "{1F93DDB3-9C17-4223-A52F-1854157DECF4}"
EndProject
Project("{8BC9CEB8-8B4A-11D0-8D11-00A0C91BC942}") = "02-04", "02-04\02-04.vcxproj", "{4E4F1EF2-4A78-4B58-B350-10E23F36DE21}"
EndProject
Project("{8BC9CEB8-8B4A-11D0-8D11-00A0C91BC942}") = "03-01", "03-01\03-01.vcxproj", "{09A77048-7647-4759-8855-A188EF121706}"
EndProject
Project("{8BC9CEB8-8B4A-11D0-8D11-00A0C91BC942}") = "03-02", "03-02\03-02.vcxproj", "{289108D5-1C13-4D72-BB7A-4356B407505A}"
EndProject
Project("{8BC9CEB8-8B4A-11D0-8D11-00A0C91BC942}") = "03-03", "03-03\03-03.vcxproj", "{743DF650-F244-454E-AFAC-1D9BDA98D482}"
EndProject
Project("{8BC9CEB8-8B4A-11D0-8D11-00A0C91BC942}") = "06-01", "06-01\06-01.vcxproj", "{FCD08343-4B1F-45E5-91EE-58E9825B4505}"
EndProject
Project("{8BC9CEB8-8B4A-11D0-8D11-00A0C91BC942}") = "06-02", "06-02\06-02.vcxproj", "{0BBBAAB3-0C94-45C3-8052-79DE600C248B}"
EndProject
Global
	GlobalSection(SolutionConfigurationPlatforms) = preSolution
		Debug|x64 = Debug|x64
		Debug|x86 = Debug|x86
		Release|x64 = Release|x64
		Release|x86 = Release|x86
	EndGlobalSection
	GlobalSection(ProjectConfigurationPlatforms) = postSolution
		{074DE23A-6612-4D10-A033-B8986D5C8091}.Debug|x64.ActiveCfg = Debug|x64
		{074DE23A-6612-4D10-A033-B8986D5C8091}.Debug|x64.Build.0 = Debug|x64
		{074DE23A-6612-4D10-A033-B8986D5C8091}.Debug|x86.ActiveCfg = Debug|Win32
		{074DE23A-6612-4D10-A033-B8986D5C8091}.Debug|x86.Build.0 = Debug|Win32
		{074DE23A-6612-4D10-A033-B8986D5C8091}.Release|x64.ActiveCfg = Release|x64
		{074DE23A-6612-4D10-A033-B8986D5C8091}.Release|x64.Build.0 = Release|x64
		{074DE23A-6612-4D10-A033-B8986D5C8091}.Release|x86.ActiveCfg = Release|Win32
		{074DE23A-6612-4D10-A033-B8986D5C8091}.Release|x86.Build.0 = Release|Win32
		{6869A087-6AEE-490B-889C-FE00675F923F}.Debug|x64.ActiveCfg = Debug|x64
		{6869A087-6AEE-490B-889C-FE00675F923F}.Debug|x64.Build.0 = Debug|x64
		{6869A087-6AEE-490B-889C-FE00675F923F}.Debug|x86.ActiveCfg = Debug|Win32
		{6869A087-6AEE-490B-889C-FE00675F923F}.Debug|x86.Build.0 = Debug|Win32
		{6869A087-6AEE-490B-889C-FE00675F923F}.Release|x64.ActiveCfg = Release|x64
		{6869A087-6AEE-490B-889C-FE00675F923F}.Release|x64.Build.0 = Release|x64
		{6869A087-6AEE-490B-889C-FE00675F923F}.Release|x86.ActiveCfg = Release|Win32
		{6869A087-6AEE-490B-889C-FE00675F923F}.Release|x86.Build.0 = Release|Win32
		{96FFA854-15B1-4D0F-AEC6-6D51F1097E7E}.Debug|x64.ActiveCfg = Debug|x64
		{96FFA854-15B1-4D0F-AEC6-6D51F1097E7E}.Debug|x64.Build.0 = Debug|x64
		{96FFA854-15B1-4D0F-AEC6-6D51F1097E7E}.Debug|x86.ActiveCfg = Debug|Win32
		{96FFA854-15B1-4D0F-AEC6-6D51F1097E7E}.Debug|x86.Build.0 = Debug|Win32
		{96FFA854-15B1-4D0F-AEC6-6D51F1097E7E}.Release|x64.ActiveCfg = Release|x64
		{96FFA854-15B1-4D0F-AEC6-6D51F1097E7E}.Release|x64.Build.0 = Release|x64
		{96FFA854-15B1-4D0F-AEC6-6D51F1097E7E}.Release|x86.ActiveCfg = Release|Win32
		{96FFA854-15B1-4D0F-AEC6-6D51F1097E7E}.Release|x86.Build.0 = Release|Win32
		{CFC54BAE-010F-495B-855B-F13D90906DCF}.Debug|x64.ActiveCfg = Debug|x64
		{CFC54BAE-010F-495B-855B-F13D90906DCF}.Debug|x64.Build.0 = Debug|x64
		{CFC54BAE-010F-495B-855B-F13D90906DCF}.Debug|x86.ActiveCfg = Debug|Win32
		{CFC54BAE-010F-495B-855B-F13D90906DCF}.Debug|x86.Build.0 = Debug|Win32
		{CFC54BAE-010F-495B-855B-F13D90906DCF}.Release|x64.ActiveCfg = Release|x64
		{CFC54BAE-010F-495B-855B-F13D90906DCF}.Release|x64.Build.0 = Release|x64
		{CFC54BAE-010F-495B-855B-F13D90906DCF}.Release|x86.ActiveCfg = Release|Win32
		{CFC54BAE-010F-495B-855B-F13D90906DCF}.Release|x86.Build.0 = Release|Win32
		{54175C65-AE81-4553-995F-D3276A0FCF6A}.Debug|x64.ActiveCfg = Debug|x64
		{54175C65-AE81-4553-995F-D3276A0FCF6A}.Debug|x64.Build.0 = Debug|x64
		{54175C65-AE81-4553-995F-D3276A0FCF6A}.Debug|x86.ActiveCfg = Debug|Win32
		{54175C65-AE81-4553-995F-D3276A0FCF6A}.Debug|x86.Build.0 = Debug|Win32
		{54175C65-AE81-4553-995F-D3276A0FCF6A}.Release|x64.ActiveCfg = Release|x64
		{54175C65-AE81-4553-995F-D3276A0FCF6A}.Release|x64.Build.0 = Release|x64
		{54175C65-AE81-4553-995F-D3276A0FCF6A}.Release|x86.ActiveCfg = Release|Win32
		{54175C65-AE81-4553-995F-D3276A0FCF6A}.Release|x86.Build.0 = Release|Win32
		{FF137C36-674D-46E4-8B59-3D7AF3D87FD7}.Debug|x64.ActiveCfg = Debug|x64
		{FF137C36-674D-46E4-8B59-3D7AF3D87FD7}.Debug|x64.Build.0 = Debug|x64
		{FF137C36-674D-46E4-8B59-3D7AF3D87FD7}.Debug|x86.ActiveCfg = Debug|Win32
		{FF137C36-674D-46E4-8B59-3D7AF3D87FD7}.Debug|x86.Build.0 = Debug|Win32
		{FF137C36-674D-46E4-8B59-3D7AF3D87FD7}.Release|x64.ActiveCfg = Release|x64
		{FF137C36-674D-46E4-8B59-3D7AF3D87FD7}.Release|x64.Build.0 = Release|x64
		{FF137C36-674D-46E4-8B59-3D7AF3D87FD7}.Release|x86.ActiveCfg = Release|Win32
		{FF137C36-674D-46E4-8B59-3D7AF3D87FD7}.Release|x86.Build.0 = Release|Win32
		{EFC9AD36-13F9-4042-B8A4-DB4F49F6A120}.Debug|x64.ActiveCfg = Debug|x64
		{EFC9AD36-13F9-4042-B8A4-DB4F49F6A120}.Debug|x64.Build.0 = Debug|x64
		{EFC9AD36-13F9-4042-B8A4-DB4F49F6A120}.Debug|x86.ActiveCfg = Debug|Win32
		{EFC9AD36-13F9-4042-B8A4-DB4F49F6A120}.Debug|x86.Build.0 = Debug|Win32
		{EFC9AD36-13F9-4042-B8A4-DB4F49F6A120}.Release|x64.ActiveCfg = Release|x64
		{EFC9AD36-13F9-4042-B8A4-DB4F49F6A120}.Release|x64.Build.0 = Release|x64
		{EFC9AD36-13F9-4042-B8A4-DB4F49F6A120}.Release|x86.ActiveCfg = Release|Win32
		{EFC9AD36-13F9-4042-B8A4-DB4F49F6A120}.Release|x86.Build.0 = Release|Win32
		{1F93DDB3-9C17-4223-A52F-1854157DECF4}.Debug|x64.ActiveCfg = Debug|x64
		{1F93DDB3-9C17-4223-A52F-1854157DECF4}.Debug|x64.Build.0 = Debug|x64
		{1F93DDB3-9C17-4223-A52F-1854157DECF4}.Debug|x86.ActiveCfg = Debug|Win32
		{1F93DDB3-9C17-4223-A52F-1854157DECF4}.Debug|x86.Build.0 = Debug|Win32
		{1F93DDB3-9C17-4223-A52F-1854157DECF4}.Release|x64.ActiveCfg = Release|x64
		{1F93DDB3-9C17-4223-A52F-1854157DECF4}.Release|x64.Build.0 = Release|x64
		{1F93DDB3-9C17-4223-A52F-1854157DECF4}.Release|x86.ActiveCfg = Release|Win32
		{1F93DDB3-9C17-4223-A52F-1854157DECF4}.Release|x86.Build.0 = Release|Win32
		{4E4F1EF2-4A78-4B58-B350-10E23F36DE21}.Debug|x64.ActiveCfg = Debug|x64
		{4E4F1EF2-4A78-4B58-B350-10E23F36DE21}.Debug|x64.Build.0 = Debug|x64
		{4E4F1EF2-4A78-4B58-B350-10E23F36DE21}.Debug|x86.ActiveCfg = Debug|Win32
		{4E4F1EF2-4A78-4B58-B350-10E23F36DE21}.Debug|x86.Build.0 = Debug|Win32
		{4E4F1EF2-4A78-4B58-B350-10E23F36DE21}.Release|x64.ActiveCfg = Release|x64
		{4E4F1EF2-4A78-4B58-B350-10E23F36DE21}.Release|x64.Build.0 = Release|x64
		{4E4F1EF2-4A78-4B58-B350-10E23F36DE21}.Release|x86.ActiveCfg = Release|Win32
		{4E4F1EF2-4A78-4B58-B350-10E23F36DE21}.Release|x86.Build.0 = Release|Win32
		{09A77048-7647-4759-8855-A188EF121706}.Debug|x64.ActiveCfg = Debug|x64
		{09A77048-7647-4759-8855-A188EF121706}.Debug|x64.Build.0 = Debug|x64
		{09A77048-7647-4759-8855-A188EF121706}.Debug|x86.ActiveCfg = Debug|Win32
		{09A77048-7647-4759-8855-A188EF121706}.Debug|x86.Build.0 = Debug|Win32
		{09A77048-7647-4759-8855-A188EF121706}.Release|x64.ActiveCfg = Release|x64
		{09A77048-7647-4759-8855-A188EF121706}.Release|x64.Build.0 = Release|x64
		{09A77048-7647-4759-8855-A188EF121706}.Release|x86.ActiveCfg = Release|Win32
		{09A77048-7647-4759-8855-A188EF121706}.Release|x86.Build.0 = Release|Win32
		{289108D5-1C13-4D72-BB7A-4356B407505A}.Debug|x64.ActiveCfg = Debug|x64
		{289108D5-1C13-4D72-BB7A-4356B407505A}.Debug|x64.Build.0 = Debug|x64
		{289108D5-1C13-4D72-BB7A-4356B407505A}.Debug|x86.ActiveCfg = Debug|Win32
		{289108D5-1C13-4D72-BB7A-4356B407505A}.Debug|x86.Build.0 = Debug|Win32
		{289108D5-1C13-4D72-BB7A-4356B407505A}.Release|x64.ActiveCfg = Release|x64
		{289108D5-1C13-4D72-BB7A-4356B407505A}.Release|x64.Build.0 = Release|x64
		{289108D5-1C13-4D72-BB7A-4356B407505A}.Release|x86.ActiveCfg = Release|Win32
		{289108D5-1C13-4D72-BB7A-4356B407505A}.Release|x86.Build.0 = Release|Win32
		{743DF650-F244-454E-AFAC-1D9BDA98D482}.Debug|x64.ActiveCfg = Debug|x64
		{743DF650-F244-454E-AFAC-1D9BDA98D482}.Debug|x64.Build.0 = Debug|x64
		{743DF650-F244-454E-AFAC-1D9BDA98D482}.Debug|x86.ActiveCfg = Debug|Win32
		{743DF650-F244-454E-AFAC-1D9BDA98D482}.Debug|x86.Build.0 = Debug|Win32
		{743DF650-F244-454E-AFAC-1D9BDA98D482}.Release|x64.ActiveCfg = Release|x64
		{743DF650-F244-454E-AFAC-1D9BDA98D482}.Release|x64.Build.0 = Release|x64
		{743DF650-F244-454E-AFAC-1D9BDA98D482}.Release|x86.ActiveCfg = Release|Win32
		{743DF650-F244-454E-AFAC-1D9BDA98D482}.Release|x86.Build.0 = Release|Win32
		{FCD08343-4B1F-45E5-91EE-58E9825B4505}.Debug|x64.ActiveCfg = Debug|x64
		{FCD08343-4B1F-45E5-91EE-58E9825B4505}.Debug|x64.Build.0 = Debug|x64
		{FCD08343-4B1F-45E5-91EE-58E9825B4505}.Debug|x86.ActiveCfg = Debug|Win32
		{FCD08343-4B1F-45E5-91EE-58E9825B4505}.Debug|x86.Build.0 = Debug|Win32
		{FCD08343-4B1F-45E5-91EE-58E9825B4505}.Release|x64.ActiveCfg = Release|x64
		{FCD08343-4B1F-45E5-91EE-58E9825B4505}.Release|x64.Build.0 = Release|x64
		{FCD08343-4B1F-45E5-91EE-58E9825B4505}.Release|x86.ActiveCfg = Release|Win32
		{FCD08343-4B1F-45E5-91EE-58E9825B4505}.Release|x86.Build.0 = Release|Win32
		{0BBBAAB3-0C94-45C3-8052-79DE600C248B}.Debug|x64.ActiveCfg = Debug|x64
		{0BBBAAB3-0C94-45C3-8052-79DE600C248B}.Debug|x64.Build.0 = Debug|x64
		{0BBBAAB3-0C94-45C3-8052-79DE600C248B}.Debug|x86.ActiveCfg = Debug|Win32
		{0BBBAAB3-0C94-45C3-8052-79DE600C248B}.Debug|x86.Build.0 = Debug|Win32
		{0BBBAAB3-0C94-45C3-8052-79DE600C248B}.Release|x64.ActiveCfg = Release|x64
		{0BBBAAB3-0C94-45C3-8052-79DE600C248B}.Release|x64.Build.0 = Release|x64
		{0BBBAAB3-0C94-45C3-8052-79DE600C248B}.Release|x86.ActiveCfg = Release|Win32
		{0BBBAAB3-0C94-45C3-8052-79DE600C248B}.Release|x86.Build.0 = Release|Win32
	EndGlobalSection
	GlobalSection(SolutionProperties) = preSolution
		HideSolutionNode = FALSE
	EndGlobalSection
	GlobalSection(ExtensibilityGlobals) = postSolution
		SolutionGuid = {92E5983D-E1F1-4656-9E99-97439AA37BD9}
	EndGlobalSection
EndGlobal
